Microsoft Visual Studio Solution File, Format Version 12.00
# Visual Studio Version 17
VisualStudioVersion = 17.12.35527.113 d17.12
MinimumVisualStudioVersion = 10.0.40219.1
Project("{FAE04EC0-301F-11D3-BF4B-00C04F79EFBC}") = "BlumBlumShub", "BlumBlumShub\BlumBlumShub.csproj", "{56498ACE-7CBE-4F9E-94B8-38E98B46DF3F}"
EndProject
Project("{FAE04EC0-301F-11D3-BF4B-00C04F79EFBC}") = "BlumBlumShubTest", "BlumBlumShubTest\BlumBlumShubTest.csproj", "{6D6C823C-1919-420E-93CD-2BF05B96E0BA}"
EndProject
Global
	GlobalSection(SolutionConfigurationPlatforms) = preSolution
		Debug|Any CPU = Debug|Any CPU
		Release|Any CPU = Release|Any CPU
	EndGlobalSection
	GlobalSection(ProjectConfigurationPlatforms) = postSolution
		{56498ACE-7CBE-4F9E-94B8-38E98B46DF3F}.Debug|Any CPU.ActiveCfg = Debug|Any CPU
		{56498ACE-7CBE-4F9E-94B8-38E98B46DF3F}.Debug|Any CPU.Build.0 = Debug|Any CPU
		{56498ACE-7CBE-4F9E-94B8-38E98B46DF3F}.Release|Any CPU.ActiveCfg = Release|Any CPU
		{56498ACE-7CBE-4F9E-94B8-38E98B46DF3F}.Release|Any CPU.Build.0 = Release|Any CPU
		{6D6C823C-1919-420E-93CD-2BF05B96E0BA}.Debug|Any CPU.ActiveCfg = Debug|Any CPU
		{6D6C823C-1919-420E-93CD-2BF05B96E0BA}.Debug|Any CPU.Build.0 = Debug|Any CPU
		{6D6C823C-1919-420E-93CD-2BF05B96E0BA}.Release|Any CPU.ActiveCfg = Release|Any CPU
		{6D6C823C-1919-420E-93CD-2BF05B96E0BA}.Release|Any CPU.Build.0 = Release|Any CPU
	EndGlobalSection
	GlobalSection(SolutionProperties) = preSolution
		HideSolutionNode = FALSE
	EndGlobalSection
	GlobalSection(ExtensibilityGlobals) = postSolution
		SolutionGuid = {86707696-CB42-4929-8311-44DBDD7CFC51}
	EndGlobalSection
EndGlobal
